<?xml version="1.0" encoding="utf-8"?>
<Project ToolsVersion="4.0" xmlns="http://schemas.microsoft.com/developer/msbuild/2003">
  <ItemGroup>
    <Filter Include="Main">
      <UniqueIdentifier>{4AF3887C-362A-8A0D-DF16-7010CB2C060F}</UniqueIdentifier>
    </Filter>
    <Filter Include="Main\Events">
      <UniqueIdentifier>{EEC716A7-5A7D-8F9C-E371-89734F2686A0}</UniqueIdentifier>
    </Filter>
  </ItemGroup>
  <ItemGroup>
    <ClInclude Include="src\EP.h" />
    <ClInclude Include="src\Main\Application.h">
      <Filter>Main</Filter>
    </ClInclude>
    <ClInclude Include="src\Main\Core.h">
      <Filter>Main</Filter>
    </ClInclude>
    <ClInclude Include="src\Main\EntryPoint.h">
      <Filter>Main</Filter>
    </ClInclude>
    <ClInclude Include="src\Main\Events\ApplicationEvent.h">
      <Filter>Main\Events</Filter>
    </ClInclude>
    <ClInclude Include="src\Main\Events\Event.h">
      <Filter>Main\Events</Filter>
    </ClInclude>
    <ClInclude Include="src\Main\Events\KeyEvent.h">
      <Filter>Main\Events</Filter>
    </ClInclude>
    <ClInclude Include="src\Main\Events\MouseEvent.h">
      <Filter>Main\Events</Filter>
    </ClInclude>
    <ClInclude Include="src\Main\Layer.h">
      <Filter>Main</Filter>
    </ClInclude>
    <ClInclude Include="src\Main\LayerStack.h">
      <Filter>Main</Filter>
    </ClInclude>
    <ClInclude Include="src\Main\Log.h">
      <Filter>Main</Filter>
    </ClInclude>
    <ClInclude Include="src\Main\Window.h">
      <Filter>Main</Filter>
    </ClInclude>
    <ClInclude Include="src\Main\WindowsWindow.h">
      <Filter>Main</Filter>
    </ClInclude>
    <ClInclude Include="src\eppch.h" />
  </ItemGroup>
  <ItemGroup>
    <ClCompile Include="src\Main\Application.cpp">
      <Filter>Main</Filter>
    </ClCompile>
    <ClCompile Include="src\Main\Layer.cpp">
      <Filter>Main</Filter>
    </ClCompile>
    <ClCompile Include="src\Main\LayerStack.cpp">
      <Filter>Main</Filter>
    </ClCompile>
    <ClCompile Include="src\Main\Log.cpp">
      <Filter>Main</Filter>
    </ClCompile>
    <ClCompile Include="src\Main\WindowsWindow.cpp">
      <Filter>Main</Filter>
    </ClCompile>
    <ClCompile Include="src\eppch.cpp" />
  </ItemGroup>
</Project>